
Microsoft Visual Studio Solution File, Format Version 12.00
# Visual Studio Version 17
VisualStudioVersion = 17.3.32825.248
MinimumVisualStudioVersion = 10.0.40219.1
Project("{FAE04EC0-301F-11D3-BF4B-00C04F79EFBC}") = "Bonsai.ZeroMQ", "src\Bonsai.ZeroMQ\Bonsai.ZeroMQ.csproj", "{A618BF35-112E-41A6-881F-909AC6CFCAB7}"
EndProject
Project("{2150E333-8FDC-42A3-9474-1A3956D46DE8}") = "build", "build", "{3862A311-E383-49C7-A088-A8F34CDD9759}"
	ProjectSection(SolutionItems) = preProject
		build\Common.csproj.props = build\Common.csproj.props
		build\Common.csproj.targets = build\Common.csproj.targets
		build\Common.Tests.csproj.props = build\Common.Tests.csproj.props
		build\icon.png = build\icon.png
		build\Package.props = build\Package.props
		build\Project.csproj.props = build\Project.csproj.props
	EndProjectSection
EndProject
Global
	GlobalSection(SolutionConfigurationPlatforms) = preSolution
		Debug|Any CPU = Debug|Any CPU
		Release|Any CPU = Release|Any CPU
	EndGlobalSection
	GlobalSection(ProjectConfigurationPlatforms) = postSolution
		{A618BF35-112E-41A6-881F-909AC6CFCAB7}.Debug|Any CPU.ActiveCfg = Release|Any CPU
		{A618BF35-112E-41A6-881F-909AC6CFCAB7}.Debug|Any CPU.Build.0 = Release|Any CPU
		{A618BF35-112E-41A6-881F-909AC6CFCAB7}.Release|Any CPU.ActiveCfg = Release|Any CPU
		{A618BF35-112E-41A6-881F-909AC6CFCAB7}.Release|Any CPU.Build.0 = Release|Any CPU
	EndGlobalSection
	GlobalSection(SolutionProperties) = preSolution
		HideSolutionNode = FALSE
	EndGlobalSection
	GlobalSection(ExtensibilityGlobals) = postSolution
		SolutionGuid = {F87B47B3-725B-44A6-8E77-45C6B6B1763D}
	EndGlobalSection
EndGlobal
